
Microsoft Visual Studio Solution File, Format Version 12.00
# Visual Studio Version 17
VisualStudioVersion = 17.14.36518.9
MinimumVisualStudioVersion = 10.0.40219.1
Project("{FAE04EC0-301F-11D3-BF4B-00C04F79EFBC}") = "MeetUpTogether.UI", "MeetUpTogether.UI\MeetUpTogether.UI.csproj", "{E440C654-53C2-5FFA-FECA-C83FC406EDB8}"
EndProject
Project("{FAE04EC0-301F-11D3-BF4B-00C04F79EFBC}") = "MeetUpTogether.BLL", "MeetUpTogether.BLL\MeetUpTogether.BLL.csproj", "{DBCE0263-CB94-400D-B275-0B3E108F4243}"
EndProject
Project("{FAE04EC0-301F-11D3-BF4B-00C04F79EFBC}") = "MeetUpTogether.Models", "MeetUpTogether.Models\MeetUpTogether.Models.csproj", "{3E0065AE-EF32-4FCB-B0D3-64B15E307075}"
EndProject
Project("{FAE04EC0-301F-11D3-BF4B-00C04F79EFBC}") = "MeetUpTogether.DAL", "MeetUpTogether.DAL\MeetUpTogether.DAL.csproj", "{1DDB32C6-62DD-4278-B807-C405B6F40DE0}"
EndProject
Project("{FAE04EC0-301F-11D3-BF4B-00C04F79EFBC}") = "MeetUpTogether.UnitTests", "MeetUpTogether.UnitTests\MeetUpTogether.UnitTests.csproj", "{150D9C11-D796-4306-B7B4-13C924565029}"
EndProject
Global
	GlobalSection(SolutionConfigurationPlatforms) = preSolution
		Debug|Any CPU = Debug|Any CPU
		Release|Any CPU = Release|Any CPU
	EndGlobalSection
	GlobalSection(ProjectConfigurationPlatforms) = postSolution
		{E440C654-53C2-5FFA-FECA-C83FC406EDB8}.Debug|Any CPU.ActiveCfg = Debug|Any CPU
		{E440C654-53C2-5FFA-FECA-C83FC406EDB8}.Debug|Any CPU.Build.0 = Debug|Any CPU
		{E440C654-53C2-5FFA-FECA-C83FC406EDB8}.Release|Any CPU.ActiveCfg = Release|Any CPU
		{E440C654-53C2-5FFA-FECA-C83FC406EDB8}.Release|Any CPU.Build.0 = Release|Any CPU
		{DBCE0263-CB94-400D-B275-0B3E108F4243}.Debug|Any CPU.ActiveCfg = Debug|Any CPU
		{DBCE0263-CB94-400D-B275-0B3E108F4243}.Debug|Any CPU.Build.0 = Debug|Any CPU
		{DBCE0263-CB94-400D-B275-0B3E108F4243}.Release|Any CPU.ActiveCfg = Release|Any CPU
		{DBCE0263-CB94-400D-B275-0B3E108F4243}.Release|Any CPU.Build.0 = Release|Any CPU
		{3E0065AE-EF32-4FCB-B0D3-64B15E307075}.Debug|Any CPU.ActiveCfg = Debug|Any CPU
		{3E0065AE-EF32-4FCB-B0D3-64B15E307075}.Debug|Any CPU.Build.0 = Debug|Any CPU
		{3E0065AE-EF32-4FCB-B0D3-64B15E307075}.Release|Any CPU.ActiveCfg = Release|Any CPU
		{3E0065AE-EF32-4FCB-B0D3-64B15E307075}.Release|Any CPU.Build.0 = Release|Any CPU
		{1DDB32C6-62DD-4278-B807-C405B6F40DE0}.Debug|Any CPU.ActiveCfg = Debug|Any CPU
		{1DDB32C6-62DD-4278-B807-C405B6F40DE0}.Debug|Any CPU.Build.0 = Debug|Any CPU
		{1DDB32C6-62DD-4278-B807-C405B6F40DE0}.Release|Any CPU.ActiveCfg = Release|Any CPU
		{1DDB32C6-62DD-4278-B807-C405B6F40DE0}.Release|Any CPU.Build.0 = Release|Any CPU
		{150D9C11-D796-4306-B7B4-13C924565029}.Debug|Any CPU.ActiveCfg = Debug|Any CPU
		{150D9C11-D796-4306-B7B4-13C924565029}.Debug|Any CPU.Build.0 = Debug|Any CPU
		{150D9C11-D796-4306-B7B4-13C924565029}.Release|Any CPU.ActiveCfg = Release|Any CPU
		{150D9C11-D796-4306-B7B4-13C924565029}.Release|Any CPU.Build.0 = Release|Any CPU
	EndGlobalSection
	GlobalSection(SolutionProperties) = preSolution
		HideSolutionNode = FALSE
	EndGlobalSection
	GlobalSection(ExtensibilityGlobals) = postSolution
		SolutionGuid = {3BE5A46A-D44B-409C-8E14-E3D13E2991A3}
	EndGlobalSection
EndGlobal
