
Microsoft Visual Studio Solution File, Format Version 12.00
# Visual Studio Version 17
VisualStudioVersion = 17.14.36518.9 d17.14
MinimumVisualStudioVersion = 10.0.40219.1
Project("{FAE04EC0-301F-11D3-BF4B-00C04F79EFBC}") = "MeetUpTogether.UI", "MeetUpTogether.UI.csproj", "{2B9217DD-E5BD-4292-8D5C-8915D9F0CB23}"
EndProject
Project("{FAE04EC0-301F-11D3-BF4B-00C04F79EFBC}") = "MeetUpTogether.UnitTests", "..\MeetUpTogether.UnitTests\MeetUpTogether.UnitTests.csproj", "{E252B361-2CF7-473A-8BCD-C6A7F64CD0CC}"
EndProject
Global
	GlobalSection(SolutionConfigurationPlatforms) = preSolution
		Debug|Any CPU = Debug|Any CPU
		Release|Any CPU = Release|Any CPU
	EndGlobalSection
	GlobalSection(ProjectConfigurationPlatforms) = postSolution
		{2B9217DD-E5BD-4292-8D5C-8915D9F0CB23}.Debug|Any CPU.ActiveCfg = Debug|Any CPU
		{2B9217DD-E5BD-4292-8D5C-8915D9F0CB23}.Debug|Any CPU.Build.0 = Debug|Any CPU
		{2B9217DD-E5BD-4292-8D5C-8915D9F0CB23}.Release|Any CPU.ActiveCfg = Release|Any CPU
		{2B9217DD-E5BD-4292-8D5C-8915D9F0CB23}.Release|Any CPU.Build.0 = Release|Any CPU
		{E252B361-2CF7-473A-8BCD-C6A7F64CD0CC}.Debug|Any CPU.ActiveCfg = Debug|Any CPU
		{E252B361-2CF7-473A-8BCD-C6A7F64CD0CC}.Debug|Any CPU.Build.0 = Debug|Any CPU
		{E252B361-2CF7-473A-8BCD-C6A7F64CD0CC}.Release|Any CPU.ActiveCfg = Release|Any CPU
		{E252B361-2CF7-473A-8BCD-C6A7F64CD0CC}.Release|Any CPU.Build.0 = Release|Any CPU
	EndGlobalSection
	GlobalSection(SolutionProperties) = preSolution
		HideSolutionNode = FALSE
	EndGlobalSection
	GlobalSection(ExtensibilityGlobals) = postSolution
		SolutionGuid = {9CC15163-E13E-4B61-AFD8-AB162F49F5AA}
	EndGlobalSection
EndGlobal
